// !$*UTF8*$!
{
	archiveVersion = 1;
	classes = {
	};
	objectVersion = 56;
	objects = {

/* Begin PBXBuildFile section */
		C540726B2CFDC3F4007B8767 /* Main.storyboard in Resources */ = {isa = PBXBuildFile; fileRef = C54072672CFDC3F4007B8767 /* Main.storyboard */; };
		C540726C2CFDC3F4007B8767 /* UserCoordinator.swift in Sources */ = {isa = PBXBuildFile; fileRef = C54072682CFDC3F4007B8767 /* UserCoordinator.swift */; };
		C540726D2CFDC3F4007B8767 /* UserViewModel.swift in Sources */ = {isa = PBXBuildFile; fileRef = C54072692CFDC3F4007B8767 /* UserViewModel.swift */; };
		C54072702CFDC48E007B8767 /* LoginUseCase.swift in Sources */ = {isa = PBXBuildFile; fileRef = C540726F2CFDC48E007B8767 /* LoginUseCase.swift */; };
		C54072722CFDC4E9007B8767 /* LoginRepository.swift in Sources */ = {isa = PBXBuildFile; fileRef = C54072712CFDC4E9007B8767 /* LoginRepository.swift */; };
		C574DB0C2CF6F7000071B525 /* AppDelegate.swift in Sources */ = {isa = PBXBuildFile; fileRef = C574DB0B2CF6F7000071B525 /* AppDelegate.swift */; };
		C574DB0E2CF6F7000071B525 /* SceneDelegate.swift in Sources */ = {isa = PBXBuildFile; fileRef = C574DB0D2CF6F7000071B525 /* SceneDelegate.swift */; };
		C574DB102CF6F7000071B525 /* ViewController.swift in Sources */ = {isa = PBXBuildFile; fileRef = C574DB0F2CF6F7000071B525 /* ViewController.swift */; };
		C574DB152CF6F7030071B525 /* Assets.xcassets in Resources */ = {isa = PBXBuildFile; fileRef = C574DB142CF6F7030071B525 /* Assets.xcassets */; };
		C574DB182CF6F7030071B525 /* Base in Resources */ = {isa = PBXBuildFile; fileRef = C574DB172CF6F7030071B525 /* Base */; };
		C574DB232CF6F7040071B525 /* LoginScreenTests.swift in Sources */ = {isa = PBXBuildFile; fileRef = C574DB222CF6F7040071B525 /* LoginScreenTests.swift */; };
		C574DB2D2CF6F7040071B525 /* LoginScreenUITests.swift in Sources */ = {isa = PBXBuildFile; fileRef = C574DB2C2CF6F7040071B525 /* LoginScreenUITests.swift */; };
		C574DB2F2CF6F7040071B525 /* LoginScreenUITestsLaunchTests.swift in Sources */ = {isa = PBXBuildFile; fileRef = C574DB2E2CF6F7040071B525 /* LoginScreenUITestsLaunchTests.swift */; };
		C574DB3D2CF6F7DE0071B525 /* User.swift in Sources */ = {isa = PBXBuildFile; fileRef = C574DB3C2CF6F7DE0071B525 /* User.swift */; };
		C574DB3F2CF6FDF60071B525 /* AuthService.swift in Sources */ = {isa = PBXBuildFile; fileRef = C574DB3E2CF6FDF60071B525 /* AuthService.swift */; };
		C574DB4A2CF7031B0071B525 /* UserController.swift in Sources */ = {isa = PBXBuildFile; fileRef = C574DB492CF7031B0071B525 /* UserController.swift */; };
		C574DB4C2CF7355D0071B525 /* LoginResponse.swift in Sources */ = {isa = PBXBuildFile; fileRef = C574DB4B2CF7355D0071B525 /* LoginResponse.swift */; };
/* End PBXBuildFile section */

/* Begin PBXContainerItemProxy section */
		C574DB1F2CF6F7040071B525 /* PBXContainerItemProxy */ = {
			isa = PBXContainerItemProxy;
			containerPortal = C574DB002CF6F7000071B525 /* Project object */;
			proxyType = 1;
			remoteGlobalIDString = C574DB072CF6F7000071B525;
			remoteInfo = LoginScreen;
		};
		C574DB292CF6F7040071B525 /* PBXContainerItemProxy */ = {
			isa = PBXContainerItemProxy;
			containerPortal = C574DB002CF6F7000071B525 /* Project object */;
			proxyType = 1;
			remoteGlobalIDString = C574DB072CF6F7000071B525;
			remoteInfo = LoginScreen;
		};
/* End PBXContainerItemProxy section */

/* Begin PBXFileReference section */
		C54072662CFDC3F4007B8767 /* Base */ = {isa = PBXFileReference; lastKnownFileType = file.storyboard; name = Base; path = Base.lproj/Main.storyboard; sourceTree = "<group>"; };
		C54072682CFDC3F4007B8767 /* UserCoordinator.swift */ = {isa = PBXFileReference; fileEncoding = 4; lastKnownFileType = sourcecode.swift; path = UserCoordinator.swift; sourceTree = "<group>"; };
		C54072692CFDC3F4007B8767 /* UserViewModel.swift */ = {isa = PBXFileReference; fileEncoding = 4; lastKnownFileType = sourcecode.swift; path = UserViewModel.swift; sourceTree = "<group>"; };
		C540726F2CFDC48E007B8767 /* LoginUseCase.swift */ = {isa = PBXFileReference; lastKnownFileType = sourcecode.swift; path = LoginUseCase.swift; sourceTree = "<group>"; };
		C54072712CFDC4E9007B8767 /* LoginRepository.swift */ = {isa = PBXFileReference; lastKnownFileType = sourcecode.swift; path = LoginRepository.swift; sourceTree = "<group>"; };
		C574DB082CF6F7000071B525 /* LoginScreen.app */ = {isa = PBXFileReference; explicitFileType = wrapper.application; includeInIndex = 0; path = LoginScreen.app; sourceTree = BUILT_PRODUCTS_DIR; };
		C574DB0B2CF6F7000071B525 /* AppDelegate.swift */ = {isa = PBXFileReference; lastKnownFileType = sourcecode.swift; path = AppDelegate.swift; sourceTree = "<group>"; };
		C574DB0D2CF6F7000071B525 /* SceneDelegate.swift */ = {isa = PBXFileReference; lastKnownFileType = sourcecode.swift; path = SceneDelegate.swift; sourceTree = "<group>"; };
		C574DB0F2CF6F7000071B525 /* ViewController.swift */ = {isa = PBXFileReference; lastKnownFileType = sourcecode.swift; path = ViewController.swift; sourceTree = "<group>"; };
		C574DB142CF6F7030071B525 /* Assets.xcassets */ = {isa = PBXFileReference; lastKnownFileType = folder.assetcatalog; path = Assets.xcassets; sourceTree = "<group>"; };
		C574DB172CF6F7030071B525 /* Base */ = {isa = PBXFileReference; lastKnownFileType = file.storyboard; name = Base; path = Base.lproj/LaunchScreen.storyboard; sourceTree = "<group>"; };
		C574DB192CF6F7030071B525 /* Info.plist */ = {isa = PBXFileReference; lastKnownFileType = text.plist.xml; path = Info.plist; sourceTree = "<group>"; };
		C574DB1E2CF6F7040071B525 /* LoginScreenTests.xctest */ = {isa = PBXFileReference; explicitFileType = wrapper.cfbundle; includeInIndex = 0; path = LoginScreenTests.xctest; sourceTree = BUILT_PRODUCTS_DIR; };
		C574DB222CF6F7040071B525 /* LoginScreenTests.swift */ = {isa = PBXFileReference; lastKnownFileType = sourcecode.swift; path = LoginScreenTests.swift; sourceTree = "<group>"; };
		C574DB282CF6F7040071B525 /* LoginScreenUITests.xctest */ = {isa = PBXFileReference; explicitFileType = wrapper.cfbundle; includeInIndex = 0; path = LoginScreenUITests.xctest; sourceTree = BUILT_PRODUCTS_DIR; };
		C574DB2C2CF6F7040071B525 /* LoginScreenUITests.swift */ = {isa = PBXFileReference; lastKnownFileType = sourcecode.swift; path = LoginScreenUITests.swift; sourceTree = "<group>"; };
		C574DB2E2CF6F7040071B525 /* LoginScreenUITestsLaunchTests.swift */ = {isa = PBXFileReference; lastKnownFileType = sourcecode.swift; path = LoginScreenUITestsLaunchTests.swift; sourceTree = "<group>"; };
		C574DB3C2CF6F7DE0071B525 /* User.swift */ = {isa = PBXFileReference; lastKnownFileType = sourcecode.swift; path = User.swift; sourceTree = "<group>"; };
		C574DB3E2CF6FDF60071B525 /* AuthService.swift */ = {isa = PBXFileReference; lastKnownFileType = sourcecode.swift; path = AuthService.swift; sourceTree = "<group>"; };
		C574DB492CF7031B0071B525 /* UserController.swift */ = {isa = PBXFileReference; lastKnownFileType = sourcecode.swift; path = UserController.swift; sourceTree = "<group>"; };
		C574DB4B2CF7355D0071B525 /* LoginResponse.swift */ = {isa = PBXFileReference; lastKnownFileType = sourcecode.swift; path = LoginResponse.swift; sourceTree = "<group>"; };
/* End PBXFileReference section */

/* Begin PBXFrameworksBuildPhase section */
		C574DB052CF6F7000071B525 /* Frameworks */ = {
			isa = PBXFrameworksBuildPhase;
			buildActionMask = 2147483647;
			files = (
			);
			runOnlyForDeploymentPostprocessing = 0;
		};
		C574DB1B2CF6F7040071B525 /* Frameworks */ = {
			isa = PBXFrameworksBuildPhase;
			buildActionMask = 2147483647;
			files = (
			);
			runOnlyForDeploymentPostprocessing = 0;
		};
		C574DB252CF6F7040071B525 /* Frameworks */ = {
			isa = PBXFrameworksBuildPhase;
			buildActionMask = 2147483647;
			files = (
			);
			runOnlyForDeploymentPostprocessing = 0;
		};
/* End PBXFrameworksBuildPhase section */

/* Begin PBXGroup section */
		C540726A2CFDC3F4007B8767 /* Presentation */ = {
			isa = PBXGroup;
			children = (
				C54072672CFDC3F4007B8767 /* Main.storyboard */,
				C54072682CFDC3F4007B8767 /* UserCoordinator.swift */,
				C574DB492CF7031B0071B525 /* UserController.swift */,
				C54072692CFDC3F4007B8767 /* UserViewModel.swift */,
			);
			name = Presentation;
			path = LoginScreen/Presentation;
			sourceTree = SOURCE_ROOT;
		};
		C540726E2CFDC46A007B8767 /* Domain */ = {
			isa = PBXGroup;
			children = (
				C574DB3B2CF6F7A00071B525 /* Models */,
				C540726F2CFDC48E007B8767 /* LoginUseCase.swift */,
				C54072712CFDC4E9007B8767 /* LoginRepository.swift */,
			);
			path = Domain;
			sourceTree = "<group>";
		};
		C54072732CFDC645007B8767 /* Data */ = {
			isa = PBXGroup;
			children = (
				C574DB3E2CF6FDF60071B525 /* AuthService.swift */,
			);
			path = Data;
			sourceTree = "<group>";
		};
		C574DAFF2CF6F7000071B525 = {
			isa = PBXGroup;
			children = (
				C574DB0A2CF6F7000071B525 /* LoginScreen */,
				C574DB212CF6F7040071B525 /* LoginScreenTests */,
				C574DB2B2CF6F7040071B525 /* LoginScreenUITests */,
				C574DB092CF6F7000071B525 /* Products */,
			);
			sourceTree = "<group>";
		};
		C574DB092CF6F7000071B525 /* Products */ = {
			isa = PBXGroup;
			children = (
				C574DB082CF6F7000071B525 /* LoginScreen.app */,
				C574DB1E2CF6F7040071B525 /* LoginScreenTests.xctest */,
				C574DB282CF6F7040071B525 /* LoginScreenUITests.xctest */,
			);
			name = Products;
			sourceTree = "<group>";
		};
		C574DB0A2CF6F7000071B525 /* LoginScreen */ = {
			isa = PBXGroup;
			children = (
				C54072732CFDC645007B8767 /* Data */,
				C540726E2CFDC46A007B8767 /* Domain */,
				C540726A2CFDC3F4007B8767 /* Presentation */,
				C574DB0B2CF6F7000071B525 /* AppDelegate.swift */,
				C574DB0D2CF6F7000071B525 /* SceneDelegate.swift */,
				C574DB0F2CF6F7000071B525 /* ViewController.swift */,
				C574DB142CF6F7030071B525 /* Assets.xcassets */,
				C574DB162CF6F7030071B525 /* LaunchScreen.storyboard */,
				C574DB192CF6F7030071B525 /* Info.plist */,
			);
			path = LoginScreen;
			sourceTree = "<group>";
		};
		C574DB212CF6F7040071B525 /* LoginScreenTests */ = {
			isa = PBXGroup;
			children = (
				C574DB222CF6F7040071B525 /* LoginScreenTests.swift */,
			);
			path = LoginScreenTests;
			sourceTree = "<group>";
		};
		C574DB2B2CF6F7040071B525 /* LoginScreenUITests */ = {
			isa = PBXGroup;
			children = (
				C574DB2C2CF6F7040071B525 /* LoginScreenUITests.swift */,
				C574DB2E2CF6F7040071B525 /* LoginScreenUITestsLaunchTests.swift */,
			);
			path = LoginScreenUITests;
			sourceTree = "<group>";
		};
		C574DB3B2CF6F7A00071B525 /* Models */ = {
			isa = PBXGroup;
			children = (
				C574DB3C2CF6F7DE0071B525 /* User.swift */,
				C574DB4B2CF7355D0071B525 /* LoginResponse.swift */,
			);
			path = Models;
			sourceTree = "<group>";
		};
/* End PBXGroup section */

/* Begin PBXNativeTarget section */
		C574DB072CF6F7000071B525 /* LoginScreen */ = {
			isa = PBXNativeTarget;
			buildConfigurationList = C574DB322CF6F7040071B525 /* Build configuration list for PBXNativeTarget "LoginScreen" */;
			buildPhases = (
				C574DB042CF6F7000071B525 /* Sources */,
				C574DB052CF6F7000071B525 /* Frameworks */,
				C574DB062CF6F7000071B525 /* Resources */,
			);
			buildRules = (
			);
			dependencies = (
			);
			name = LoginScreen;
			productName = LoginScreen;
			productReference = C574DB082CF6F7000071B525 /* LoginScreen.app */;
			productType = "com.apple.product-type.application";
		};
		C574DB1D2CF6F7040071B525 /* LoginScreenTests */ = {
			isa = PBXNativeTarget;
			buildConfigurationList = C574DB352CF6F7040071B525 /* Build configuration list for PBXNativeTarget "LoginScreenTests" */;
			buildPhases = (
				C574DB1A2CF6F7040071B525 /* Sources */,
				C574DB1B2CF6F7040071B525 /* Frameworks */,
				C574DB1C2CF6F7040071B525 /* Resources */,
			);
			buildRules = (
			);
			dependencies = (
				C574DB202CF6F7040071B525 /* PBXTargetDependency */,
			);
			name = LoginScreenTests;
			productName = LoginScreenTests;
			productReference = C574DB1E2CF6F7040071B525 /* LoginScreenTests.xctest */;
			productType = "com.apple.product-type.bundle.unit-test";
		};
		C574DB272CF6F7040071B525 /* LoginScreenUITests */ = {
			isa = PBXNativeTarget;
			buildConfigurationList = C574DB382CF6F7040071B525 /* Build configuration list for PBXNativeTarget "LoginScreenUITests" */;
			buildPhases = (
				C574DB242CF6F7040071B525 /* Sources */,
				C574DB252CF6F7040071B525 /* Frameworks */,
				C574DB262CF6F7040071B525 /* Resources */,
			);
			buildRules = (
			);
			dependencies = (
				C574DB2A2CF6F7040071B525 /* PBXTargetDependency */,
			);
			name = LoginScreenUITests;
			productName = LoginScreenUITests;
			productReference = C574DB282CF6F7040071B525 /* LoginScreenUITests.xctest */;
			productType = "com.apple.product-type.bundle.ui-testing";
		};
/* End PBXNativeTarget section */

/* Begin PBXProject section */
		C574DB002CF6F7000071B525 /* Project object */ = {
			isa = PBXProject;
			attributes = {
				BuildIndependentTargetsInParallel = 1;
				LastSwiftUpdateCheck = 1540;
				LastUpgradeCheck = 1540;
				TargetAttributes = {
					C574DB072CF6F7000071B525 = {
						CreatedOnToolsVersion = 15.4;
					};
					C574DB1D2CF6F7040071B525 = {
						CreatedOnToolsVersion = 15.4;
						TestTargetID = C574DB072CF6F7000071B525;
					};
					C574DB272CF6F7040071B525 = {
						CreatedOnToolsVersion = 15.4;
						TestTargetID = C574DB072CF6F7000071B525;
					};
				};
			};
			buildConfigurationList = C574DB032CF6F7000071B525 /* Build configuration list for PBXProject "LoginScreen" */;
			compatibilityVersion = "Xcode 14.0";
			developmentRegion = en;
			hasScannedForEncodings = 0;
			knownRegions = (
				en,
				Base,
			);
			mainGroup = C574DAFF2CF6F7000071B525;
			productRefGroup = C574DB092CF6F7000071B525 /* Products */;
			projectDirPath = "";
			projectRoot = "";
			targets = (
				C574DB072CF6F7000071B525 /* LoginScreen */,
				C574DB1D2CF6F7040071B525 /* LoginScreenTests */,
				C574DB272CF6F7040071B525 /* LoginScreenUITests */,
			);
		};
/* End PBXProject section */

/* Begin PBXResourcesBuildPhase section */
		C574DB062CF6F7000071B525 /* Resources */ = {
			isa = PBXResourcesBuildPhase;
			buildActionMask = 2147483647;
			files = (
				C574DB152CF6F7030071B525 /* Assets.xcassets in Resources */,
				C574DB182CF6F7030071B525 /* Base in Resources */,
				C540726B2CFDC3F4007B8767 /* Main.storyboard in Resources */,
			);
			runOnlyForDeploymentPostprocessing = 0;
		};
		C574DB1C2CF6F7040071B525 /* Resources */ = {
			isa = PBXResourcesBuildPhase;
			buildActionMask = 2147483647;
			files = (
			);
			runOnlyForDeploymentPostprocessing = 0;
		};
		C574DB262CF6F7040071B525 /* Resources */ = {
			isa = PBXResourcesBuildPhase;
			buildActionMask = 2147483647;
			files = (
			);
			runOnlyForDeploymentPostprocessing = 0;
		};
/* End PBXResourcesBuildPhase section */

/* Begin PBXSourcesBuildPhase section */
		C574DB042CF6F7000071B525 /* Sources */ = {
			isa = PBXSourcesBuildPhase;
			buildActionMask = 2147483647;
			files = (
				C574DB3D2CF6F7DE0071B525 /* User.swift in Sources */,
				C540726D2CFDC3F4007B8767 /* UserViewModel.swift in Sources */,
				C54072702CFDC48E007B8767 /* LoginUseCase.swift in Sources */,
				C540726C2CFDC3F4007B8767 /* UserCoordinator.swift in Sources */,
				C54072722CFDC4E9007B8767 /* LoginRepository.swift in Sources */,
				C574DB4C2CF7355D0071B525 /* LoginResponse.swift in Sources */,
				C574DB4A2CF7031B0071B525 /* UserController.swift in Sources */,
				C574DB102CF6F7000071B525 /* ViewController.swift in Sources */,
				C574DB3F2CF6FDF60071B525 /* AuthService.swift in Sources */,
				C574DB0C2CF6F7000071B525 /* AppDelegate.swift in Sources */,
				C574DB0E2CF6F7000071B525 /* SceneDelegate.swift in Sources */,
			);
			runOnlyForDeploymentPostprocessing = 0;
		};
		C574DB1A2CF6F7040071B525 /* Sources */ = {
			isa = PBXSourcesBuildPhase;
			buildActionMask = 2147483647;
			files = (
				C574DB232CF6F7040071B525 /* LoginScreenTests.swift in Sources */,
			);
			runOnlyForDeploymentPostprocessing = 0;
		};
		C574DB242CF6F7040071B525 /* Sources */ = {
			isa = PBXSourcesBuildPhase;
			buildActionMask = 2147483647;
			files = (
				C574DB2F2CF6F7040071B525 /* LoginScreenUITestsLaunchTests.swift in Sources */,
				C574DB2D2CF6F7040071B525 /* LoginScreenUITests.swift in Sources */,
			);
			runOnlyForDeploymentPostprocessing = 0;
		};
/* End PBXSourcesBuildPhase section */

/* Begin PBXTargetDependency section */
		C574DB202CF6F7040071B525 /* PBXTargetDependency */ = {
			isa = PBXTargetDependency;
			target = C574DB072CF6F7000071B525 /* LoginScreen */;
			targetProxy = C574DB1F2CF6F7040071B525 /* PBXContainerItemProxy */;
		};
		C574DB2A2CF6F7040071B525 /* PBXTargetDependency */ = {
			isa = PBXTargetDependency;
			target = C574DB072CF6F7000071B525 /* LoginScreen */;
			targetProxy = C574DB292CF6F7040071B525 /* PBXContainerItemProxy */;
		};
/* End PBXTargetDependency section */

/* Begin PBXVariantGroup section */
		C54072672CFDC3F4007B8767 /* Main.storyboard */ = {
			isa = PBXVariantGroup;
			children = (
				C54072662CFDC3F4007B8767 /* Base */,
			);
			name = Main.storyboard;
			sourceTree = "<group>";
		};
		C574DB162CF6F7030071B525 /* LaunchScreen.storyboard */ = {
			isa = PBXVariantGroup;
			children = (
				C574DB172CF6F7030071B525 /* Base */,
			);
			name = LaunchScreen.storyboard;
			sourceTree = "<group>";
		};
/* End PBXVariantGroup section */

/* Begin XCBuildConfiguration section */
		C574DB302CF6F7040071B525 /* Debug */ = {
			isa = XCBuildConfiguration;
			buildSettings = {
				ALWAYS_SEARCH_USER_PATHS = NO;
				ASSETCATALOG_COMPILER_GENERATE_SWIFT_ASSET_SYMBOL_EXTENSIONS = YES;
				CLANG_ANALYZER_NONNULL = YES;
				CLANG_ANALYZER_NUMBER_OBJECT_CONVERSION = YES_AGGRESSIVE;
				CLANG_CXX_LANGUAGE_STANDARD = "gnu++20";
				CLANG_ENABLE_MODULES = YES;
				CLANG_ENABLE_OBJC_ARC = YES;
				CLANG_ENABLE_OBJC_WEAK = YES;
				CLANG_WARN_BLOCK_CAPTURE_AUTORELEASING = YES;
				CLANG_WARN_BOOL_CONVERSION = YES;
				CLANG_WARN_COMMA = YES;
				CLANG_WARN_CONSTANT_CONVERSION = YES;
				CLANG_WARN_DEPRECATED_OBJC_IMPLEMENTATIONS = YES;
				CLANG_WARN_DIRECT_OBJC_ISA_USAGE = YES_ERROR;
				CLANG_WARN_DOCUMENTATION_COMMENTS = YES;
				CLANG_WARN_EMPTY_BODY = YES;
				CLANG_WARN_ENUM_CONVERSION = YES;
				CLANG_WARN_INFINITE_RECURSION = YES;
				CLANG_WARN_INT_CONVERSION = YES;
				CLANG_WARN_NON_LITERAL_NULL_CONVERSION = YES;
				CLANG_WARN_OBJC_IMPLICIT_RETAIN_SELF = YES;
				CLANG_WARN_OBJC_LITERAL_CONVERSION = YES;
				CLANG_WARN_OBJC_ROOT_CLASS = YES_ERROR;
				CLANG_WARN_QUOTED_INCLUDE_IN_FRAMEWORK_HEADER = YES;
				CLANG_WARN_RANGE_LOOP_ANALYSIS = YES;
				CLANG_WARN_STRICT_PROTOTYPES = YES;
				CLANG_WARN_SUSPICIOUS_MOVE = YES;
				CLANG_WARN_UNGUARDED_AVAILABILITY = YES_AGGRESSIVE;
				CLANG_WARN_UNREACHABLE_CODE = YES;
				CLANG_WARN__DUPLICATE_METHOD_MATCH = YES;
				COPY_PHASE_STRIP = NO;
				DEBUG_INFORMATION_FORMAT = dwarf;
				ENABLE_STRICT_OBJC_MSGSEND = YES;
				ENABLE_TESTABILITY = YES;
				ENABLE_USER_SCRIPT_SANDBOXING = YES;
				GCC_C_LANGUAGE_STANDARD = gnu17;
				GCC_DYNAMIC_NO_PIC = NO;
				GCC_NO_COMMON_BLOCKS = YES;
				GCC_OPTIMIZATION_LEVEL = 0;
				GCC_PREPROCESSOR_DEFINITIONS = (
					"DEBUG=1",
					"$(inherited)",
				);
				GCC_WARN_64_TO_32_BIT_CONVERSION = YES;
				GCC_WARN_ABOUT_RETURN_TYPE = YES_ERROR;
				GCC_WARN_UNDECLARED_SELECTOR = YES;
				GCC_WARN_UNINITIALIZED_AUTOS = YES_AGGRESSIVE;
				GCC_WARN_UNUSED_FUNCTION = YES;
				GCC_WARN_UNUSED_VARIABLE = YES;
				IPHONEOS_DEPLOYMENT_TARGET = 17.5;
				LOCALIZATION_PREFERS_STRING_CATALOGS = YES;
				MTL_ENABLE_DEBUG_INFO = INCLUDE_SOURCE;
				MTL_FAST_MATH = YES;
				ONLY_ACTIVE_ARCH = YES;
				SDKROOT = iphoneos;
				SWIFT_ACTIVE_COMPILATION_CONDITIONS = "DEBUG $(inherited)";
				SWIFT_OPTIMIZATION_LEVEL = "-Onone";
			};
			name = Debug;
		};
		C574DB312CF6F7040071B525 /* Release */ = {
			isa = XCBuildConfiguration;
			buildSettings = {
				ALWAYS_SEARCH_USER_PATHS = NO;
				ASSETCATALOG_COMPILER_GENERATE_SWIFT_ASSET_SYMBOL_EXTENSIONS = YES;
				CLANG_ANALYZER_NONNULL = YES;
				CLANG_ANALYZER_NUMBER_OBJECT_CONVERSION = YES_AGGRESSIVE;
				CLANG_CXX_LANGUAGE_STANDARD = "gnu++20";
				CLANG_ENABLE_MODULES = YES;
				CLANG_ENABLE_OBJC_ARC = YES;
				CLANG_ENABLE_OBJC_WEAK = YES;
				CLANG_WARN_BLOCK_CAPTURE_AUTORELEASING = YES;
				CLANG_WARN_BOOL_CONVERSION = YES;
				CLANG_WARN_COMMA = YES;
				CLANG_WARN_CONSTANT_CONVERSION = YES;
				CLANG_WARN_DEPRECATED_OBJC_IMPLEMENTATIONS = YES;
				CLANG_WARN_DIRECT_OBJC_ISA_USAGE = YES_ERROR;
				CLANG_WARN_DOCUMENTATION_COMMENTS = YES;
				CLANG_WARN_EMPTY_BODY = YES;
				CLANG_WARN_ENUM_CONVERSION = YES;
				CLANG_WARN_INFINITE_RECURSION = YES;
				CLANG_WARN_INT_CONVERSION = YES;
				CLANG_WARN_NON_LITERAL_NULL_CONVERSION = YES;
				CLANG_WARN_OBJC_IMPLICIT_RETAIN_SELF = YES;
				CLANG_WARN_OBJC_LITERAL_CONVERSION = YES;
				CLANG_WARN_OBJC_ROOT_CLASS = YES_ERROR;
				CLANG_WARN_QUOTED_INCLUDE_IN_FRAMEWORK_HEADER = YES;
				CLANG_WARN_RANGE_LOOP_ANALYSIS = YES;
				CLANG_WARN_STRICT_PROTOTYPES = YES;
				CLANG_WARN_SUSPICIOUS_MOVE = YES;
				CLANG_WARN_UNGUARDED_AVAILABILITY = YES_AGGRESSIVE;
				CLANG_WARN_UNREACHABLE_CODE = YES;
				CLANG_WARN__DUPLICATE_METHOD_MATCH = YES;
				COPY_PHASE_STRIP = NO;
				DEBUG_INFORMATION_FORMAT = "dwarf-with-dsym";
				ENABLE_NS_ASSERTIONS = NO;
				ENABLE_STRICT_OBJC_MSGSEND = YES;
				ENABLE_USER_SCRIPT_SANDBOXING = YES;
				GCC_C_LANGUAGE_STANDARD = gnu17;
				GCC_NO_COMMON_BLOCKS = YES;
				GCC_WARN_64_TO_32_BIT_CONVERSION = YES;
				GCC_WARN_ABOUT_RETURN_TYPE = YES_ERROR;
				GCC_WARN_UNDECLARED_SELECTOR = YES;
				GCC_WARN_UNINITIALIZED_AUTOS = YES_AGGRESSIVE;
				GCC_WARN_UNUSED_FUNCTION = YES;
				GCC_WARN_UNUSED_VARIABLE = YES;
				IPHONEOS_DEPLOYMENT_TARGET = 17.5;
				LOCALIZATION_PREFERS_STRING_CATALOGS = YES;
				MTL_ENABLE_DEBUG_INFO = NO;
				MTL_FAST_MATH = YES;
				SDKROOT = iphoneos;
				SWIFT_COMPILATION_MODE = wholemodule;
				VALIDATE_PRODUCT = YES;
			};
			name = Release;
		};
		C574DB332CF6F7040071B525 /* Debug */ = {
			isa = XCBuildConfiguration;
			buildSettings = {
				ASSETCATALOG_COMPILER_APPICON_NAME = AppIcon;
				ASSETCATALOG_COMPILER_GLOBAL_ACCENT_COLOR_NAME = AccentColor;
				CODE_SIGN_STYLE = Automatic;
				CURRENT_PROJECT_VERSION = 1;
				GENERATE_INFOPLIST_FILE = YES;
				INFOPLIST_FILE = LoginScreen/Info.plist;
				INFOPLIST_KEY_UIApplicationSupportsIndirectInputEvents = YES;
				INFOPLIST_KEY_UILaunchStoryboardName = LaunchScreen;
				INFOPLIST_KEY_UIMainStoryboardFile = Main;
				INFOPLIST_KEY_UISupportedInterfaceOrientations_iPad = "UIInterfaceOrientationPortrait UIInterfaceOrientationPortraitUpsideDown UIInterfaceOrientationLandscapeLeft UIInterfaceOrientationLandscapeRight";
				INFOPLIST_KEY_UISupportedInterfaceOrientations_iPhone = "UIInterfaceOrientationPortrait UIInterfaceOrientationLandscapeLeft UIInterfaceOrientationLandscapeRight";
				LD_RUNPATH_SEARCH_PATHS = (
					"$(inherited)",
					"@executable_path/Frameworks",
				);
				MARKETING_VERSION = 1.0;
				PRODUCT_BUNDLE_IDENTIFIER = com.kanini.LoginScreen;
				PRODUCT_NAME = "$(TARGET_NAME)";
				SWIFT_EMIT_LOC_STRINGS = YES;
				SWIFT_VERSION = 5.0;
				TARGETED_DEVICE_FAMILY = "1,2";
			};
			name = Debug;
		};
		C574DB342CF6F7040071B525 /* Release */ = {
			isa = XCBuildConfiguration;
			buildSettings = {
				ASSETCATALOG_COMPILER_APPICON_NAME = AppIcon;
				ASSETCATALOG_COMPILER_GLOBAL_ACCENT_COLOR_NAME = AccentColor;
				CODE_SIGN_STYLE = Automatic;
				CURRENT_PROJECT_VERSION = 1;
				GENERATE_INFOPLIST_FILE = YES;
				INFOPLIST_FILE = LoginScreen/Info.plist;
				INFOPLIST_KEY_UIApplicationSupportsIndirectInputEvents = YES;
				INFOPLIST_KEY_UILaunchStoryboardName = LaunchScreen;
				INFOPLIST_KEY_UIMainStoryboardFile = Main;
				INFOPLIST_KEY_UISupportedInterfaceOrientations_iPad = "UIInterfaceOrientationPortrait UIInterfaceOrientationPortraitUpsideDown UIInterfaceOrientationLandscapeLeft UIInterfaceOrientationLandscapeRight";
				INFOPLIST_KEY_UISupportedInterfaceOrientations_iPhone = "UIInterfaceOrientationPortrait UIInterfaceOrientationLandscapeLeft UIInterfaceOrientationLandscapeRight";
				LD_RUNPATH_SEARCH_PATHS = (
					"$(inherited)",
					"@executable_path/Frameworks",
				);
				MARKETING_VERSION = 1.0;
				PRODUCT_BUNDLE_IDENTIFIER = com.kanini.LoginScreen;
				PRODUCT_NAME = "$(TARGET_NAME)";
				SWIFT_EMIT_LOC_STRINGS = YES;
				SWIFT_VERSION = 5.0;
				TARGETED_DEVICE_FAMILY = "1,2";
			};
			name = Release;
		};
		C574DB362CF6F7040071B525 /* Debug */ = {
			isa = XCBuildConfiguration;
			buildSettings = {
				ALWAYS_EMBED_SWIFT_STANDARD_LIBRARIES = YES;
				BUNDLE_LOADER = "$(TEST_HOST)";
				CODE_SIGN_STYLE = Automatic;
				CURRENT_PROJECT_VERSION = 1;
				GENERATE_INFOPLIST_FILE = YES;
				IPHONEOS_DEPLOYMENT_TARGET = 17.5;
				MARKETING_VERSION = 1.0;
				PRODUCT_BUNDLE_IDENTIFIER = com.kanini.LoginScreenTests;
				PRODUCT_NAME = "$(TARGET_NAME)";
				SWIFT_EMIT_LOC_STRINGS = NO;
				SWIFT_VERSION = 5.0;
				TARGETED_DEVICE_FAMILY = "1,2";
				TEST_HOST = "$(BUILT_PRODUCTS_DIR)/LoginScreen.app/$(BUNDLE_EXECUTABLE_FOLDER_PATH)/LoginScreen";
			};
			name = Debug;
		};
		C574DB372CF6F7040071B525 /* Release */ = {
			isa = XCBuildConfiguration;
			buildSettings = {
				ALWAYS_EMBED_SWIFT_STANDARD_LIBRARIES = YES;
				BUNDLE_LOADER = "$(TEST_HOST)";
				CODE_SIGN_STYLE = Automatic;
				CURRENT_PROJECT_VERSION = 1;
				GENERATE_INFOPLIST_FILE = YES;
				IPHONEOS_DEPLOYMENT_TARGET = 17.5;
				MARKETING_VERSION = 1.0;
				PRODUCT_BUNDLE_IDENTIFIER = com.kanini.LoginScreenTests;
				PRODUCT_NAME = "$(TARGET_NAME)";
				SWIFT_EMIT_LOC_STRINGS = NO;
				SWIFT_VERSION = 5.0;
				TARGETED_DEVICE_FAMILY = "1,2";
				TEST_HOST = "$(BUILT_PRODUCTS_DIR)/LoginScreen.app/$(BUNDLE_EXECUTABLE_FOLDER_PATH)/LoginScreen";
			};
			name = Release;
		};
		C574DB392CF6F7040071B525 /* Debug */ = {
			isa = XCBuildConfiguration;
			buildSettings = {
				ALWAYS_EMBED_SWIFT_STANDARD_LIBRARIES = YES;
				CODE_SIGN_STYLE = Automatic;
				CURRENT_PROJECT_VERSION = 1;
				GENERATE_INFOPLIST_FILE = YES;
				MARKETING_VERSION = 1.0;
				PRODUCT_BUNDLE_IDENTIFIER = com.kanini.LoginScreenUITests;
				PRODUCT_NAME = "$(TARGET_NAME)";
				SWIFT_EMIT_LOC_STRINGS = NO;
				SWIFT_VERSION = 5.0;
				TARGETED_DEVICE_FAMILY = "1,2";
				TEST_TARGET_NAME = LoginScreen;
			};
			name = Debug;
		};
		C574DB3A2CF6F7040071B525 /* Release */ = {
			isa = XCBuildConfiguration;
			buildSettings = {
				ALWAYS_EMBED_SWIFT_STANDARD_LIBRARIES = YES;
				CODE_SIGN_STYLE = Automatic;
				CURRENT_PROJECT_VERSION = 1;
				GENERATE_INFOPLIST_FILE = YES;
				MARKETING_VERSION = 1.0;
				PRODUCT_BUNDLE_IDENTIFIER = com.kanini.LoginScreenUITests;
				PRODUCT_NAME = "$(TARGET_NAME)";
				SWIFT_EMIT_LOC_STRINGS = NO;
				SWIFT_VERSION = 5.0;
				TARGETED_DEVICE_FAMILY = "1,2";
				TEST_TARGET_NAME = LoginScreen;
			};
			name = Release;
		};
/* End XCBuildConfiguration section */

/* Begin XCConfigurationList section */
		C574DB032CF6F7000071B525 /* Build configuration list for PBXProject "LoginScreen" */ = {
			isa = XCConfigurationList;
			buildConfigurations = (
				C574DB302CF6F7040071B525 /* Debug */,
				C574DB312CF6F7040071B525 /* Release */,
			);
			defaultConfigurationIsVisible = 0;
			defaultConfigurationName = Release;
		};
		C574DB322CF6F7040071B525 /* Build configuration list for PBXNativeTarget "LoginScreen" */ = {
			isa = XCConfigurationList;
			buildConfigurations = (
				C574DB332CF6F7040071B525 /* Debug */,
				C574DB342CF6F7040071B525 /* Release */,
			);
			defaultConfigurationIsVisible = 0;
			defaultConfigurationName = Release;
		};
		C574DB352CF6F7040071B525 /* Build configuration list for PBXNativeTarget "LoginScreenTests" */ = {
			isa = XCConfigurationList;
			buildConfigurations = (
				C574DB362CF6F7040071B525 /* Debug */,
				C574DB372CF6F7040071B525 /* Release */,
			);
			defaultConfigurationIsVisible = 0;
			defaultConfigurationName = Release;
		};
		C574DB382CF6F7040071B525 /* Build configuration list for PBXNativeTarget "LoginScreenUITests" */ = {
			isa = XCConfigurationList;
			buildConfigurations = (
				C574DB392CF6F7040071B525 /* Debug */,
				C574DB3A2CF6F7040071B525 /* Release */,
			);
			defaultConfigurationIsVisible = 0;
			defaultConfigurationName = Release;
		};
/* End XCConfigurationList section */
	};
	rootObject = C574DB002CF6F7000071B525 /* Project object */;
}
